<?xml version="1.0" encoding="utf-8"?>
<Project ToolsVersion="4.0" xmlns="http://schemas.microsoft.com/developer/msbuild/2003">
  <ItemGroup>
    <Filter Include="Source Files">
      <UniqueIdentifier>{4FC737F1-C7A5-4376-A066-2A32D752A2FF}</UniqueIdentifier>
      <Extensions>cpp;c;cc;cxx;def;odl;idl;hpj;bat;asm;asmx</Extensions>
    </Filter>
    <Filter Include="Header Files">
      <UniqueIdentifier>{93995380-89BD-4b04-88EB-625FBE52EBFB}</UniqueIdentifier>
      <Extensions>h;hh;hpp;hxx;hm;inl;inc;xsd</Extensions>
    </Filter>
    <Filter Include="Resource Files">
      <UniqueIdentifier>{67DA6AB6-F800-4c08-8B7A-83BB121AAD01}</UniqueIdentifier>
      <Extensions>rc;ico;cur;bmp;dlg;rc2;rct;bin;rgs;gif;jpg;jpeg;jpe;resx;tiff;tif;png;wav;mfcribbon-ms</Extensions>
    </Filter>
  </ItemGroup>
  <ItemGroup>
    <Text Include="ReadMe.txt" />
  </ItemGroup>
  <ItemGroup>
    <ClInclude Include="stdafx.h">
      <Filter>Header Files</Filter>
    </ClInclude>
    <ClInclude Include="targetver.h">
      <Filter>Header Files</Filter>
    </ClInclude>
    <ClInclude Include="Shell.h">
      <Filter>Header Files</Filter>
    </ClInclude>
    <ClInclude Include="Command.h">
      <Filter>Header Files</Filter>
    </ClInclude>
    <ClInclude Include="CDCommand.h">
      <Filter>Header Files</Filter>
    </ClInclude>
    <ClInclude Include="PWDCommand.h">
      <Filter>Header Files</Filter>
    </ClInclude>
    <ClInclude Include="LSCommand.h">
      <Filter>Header Files</Filter>
    </ClInclude>
    <ClInclude Include="CPCommand.h">
      <Filter>Header Files</Filter>
    </ClInclude>
    <ClInclude Include="MVCommand.h">
      <Filter>Header Files</Filter>
    </ClInclude>
    <ClInclude Include="Utils.h">
      <Filter>Header Files</Filter>
    </ClInclude>
    <ClInclude Include="MkDirCommand.h">
      <Filter>Header Files</Filter>
    </ClInclude>
    <ClInclude Include="TouchCommand.h">
      <Filter>Header Files</Filter>
    </ClInclude>
    <ClInclude Include="CatCommand.h">
      <Filter>Header Files</Filter>
    </ClInclude>
    <ClInclude Include="RMDirCommand.h">
      <Filter>Header Files</Filter>
    </ClInclude>
    <ClInclude Include="CommandFactory.h">
      <Filter>Header Files</Filter>
    </ClInclude>
    <ClInclude Include="RMCommand.h">
      <Filter>Header Files</Filter>
    </ClInclude>
    <ClInclude Include="EchoCommand.h">
      <Filter>Header Files</Filter>
    </ClInclude>
    <ClInclude Include="EWCommand.h">
      <Filter>Header Files</Filter>
    </ClInclude>
    <ClInclude Include="ExitCommand.h">
      <Filter>Header Files</Filter>
    </ClInclude>
    <ClInclude Include="WhoAmICommand.h">
      <Filter>Header Files</Filter>
    </ClInclude>
    <ClInclude Include="UNameCommand.h">
      <Filter>Header Files</Filter>
    </ClInclude>
    <ClInclude Include="PSCommand.h">
      <Filter>Header Files</Filter>
    </ClInclude>
    <ClInclude Include="KillCommand.h">
      <Filter>Header Files</Filter>
    </ClInclude>
    <ClInclude Include="ExecCommand.h">
      <Filter>Header Files</Filter>
    </ClInclude>
    <ClInclude Include="HeadCommand.h">
      <Filter>Header Files</Filter>
    </ClInclude>
    <ClInclude Include="TailCommand.h">
      <Filter>Header Files</Filter>
    </ClInclude>
    <ClInclude Include="VersionCommand.h">
      <Filter>Header Files</Filter>
    </ClInclude>
    <ClInclude Include="DiffCommand.h">
      <Filter>Header Files</Filter>
    </ClInclude>
  </ItemGroup>
  <ItemGroup>
    <ClCompile Include="stdafx.cpp">
      <Filter>Source Files</Filter>
    </ClCompile>
    <ClCompile Include="RShell.cpp">
      <Filter>Source Files</Filter>
    </ClCompile>
    <ClCompile Include="Shell.cpp">
      <Filter>Source Files</Filter>
    </ClCompile>
    <ClCompile Include="Command.cpp">
      <Filter>Source Files</Filter>
    </ClCompile>
    <ClCompile Include="CDCommand.cpp">
      <Filter>Source Files</Filter>
    </ClCompile>
    <ClCompile Include="PWDCommand.cpp">
      <Filter>Source Files</Filter>
    </ClCompile>
    <ClCompile Include="LSCommand.cpp">
      <Filter>Source Files</Filter>
    </ClCompile>
    <ClCompile Include="CPCommand.cpp">
      <Filter>Source Files</Filter>
    </ClCompile>
    <ClCompile Include="MVCommand.cpp">
      <Filter>Source Files</Filter>
    </ClCompile>
    <ClCompile Include="Utils.cpp">
      <Filter>Source Files</Filter>
    </ClCompile>
    <ClCompile Include="MkDirCommand.cpp">
      <Filter>Source Files</Filter>
    </ClCompile>
    <ClCompile Include="TouchCommand.cpp">
      <Filter>Source Files</Filter>
    </ClCompile>
    <ClCompile Include="CatCommand.cpp">
      <Filter>Source Files</Filter>
    </ClCompile>
    <ClCompile Include="RMDirCommand.cpp">
      <Filter>Source Files</Filter>
    </ClCompile>
    <ClCompile Include="CommandFactory.cpp">
      <Filter>Source Files</Filter>
    </ClCompile>
    <ClCompile Include="RMCommand.cpp">
      <Filter>Source Files</Filter>
    </ClCompile>
    <ClCompile Include="EchoCommand.cpp">
      <Filter>Source Files</Filter>
    </ClCompile>
    <ClCompile Include="EWCommand.cpp">
      <Filter>Source Files</Filter>
    </ClCompile>
    <ClCompile Include="ExitCommand.cpp">
      <Filter>Source Files</Filter>
    </ClCompile>
    <ClCompile Include="WhoAmICommand.cpp">
      <Filter>Source Files</Filter>
    </ClCompile>
    <ClCompile Include="UNameCommand.cpp">
      <Filter>Source Files</Filter>
    </ClCompile>
    <ClCompile Include="PSCommand.cpp">
      <Filter>Source Files</Filter>
    </ClCompile>
    <ClCompile Include="KillCommand.cpp">
      <Filter>Source Files</Filter>
    </ClCompile>
    <ClCompile Include="ExecCommand.cpp">
      <Filter>Source Files</Filter>
    </ClCompile>
    <ClCompile Include="HeadCommand.cpp">
      <Filter>Source Files</Filter>
    </ClCompile>
    <ClCompile Include="TailCommand.cpp">
      <Filter>Source Files</Filter>
    </ClCompile>
    <ClCompile Include="VersionCommand.cpp">
      <Filter>Source Files</Filter>
    </ClCompile>
    <ClCompile Include="DiffCommand.cpp">
      <Filter>Source Files</Filter>
    </ClCompile>
  </ItemGroup>
</Project>